{
  "version": 4,
  "terraform_version": "1.4.4",
  "serial": 22,
  "lineage": "0cd04c7b-c5e5-6be2-9f8f-f313145bf17b",
  "outputs": {},
  "resources": [
    {
      "module": "module.single-project",
      "mode": "data",
      "type": "google_client_config",
      "name": "current",
      "provider": "provider[\"registry.terraform.io/hashicorp/google\"]",
      "instances": [
        {
          "schema_version": 0,
          "attributes": {
            "access_token": "ya29.c.b0Aaekm1Ksp6KCpFoVLTJ_8IKO9uM1pSgGi5Mxgyet2uiCED5j7lm1fDSOMryZwS51606FI2RTyB-Pzg0TTMHTTX4_gLnm-ei7BQE0raBKWKEQyYGJhAG6_-dfZWVvnWtZW1jH2dCyGDZa7NdApH6RZtpLR_0g0UyWSPqz74xk66W1hp3v4tD1IaUZs8WMA6EW6roPNyI1ZdCJw5hQy6BJcntSIHbUW1D-YcvVUa010mhAS31fUwaQ3t1Wp3LaRdHH8f57k41Em6ddY2LYNvFBgXmRzf0JXQ3TEov5qUH0ybHd459Bq6KrJsfhyQ2W8WD1rqJmhgBJ6DIG340CrwQJiRQ94kkdJmJlhoV--o7aiyIqevmV1o54zFRwJQtcJktqiu934cBvf0s25OMsxfXyJVMc6jumh836bYoUp94I-fvFi7zw6zvdiOzwmijM0_aksw9yw4dFFYxoaqammBfF4pizBfhyqUVStdhU9Y_5BVVBi3di08pMoY09gi9JyrXFmk3kb1X80cqJQkFOyrd0aFyI88SjIbJWWBwiiI-Xs1slQv6ywRcbbW85S7ogoa22j4S8zVjBsb68df71bmQy_jb5snYirXtwrhvpQ9mtqq1cufcJZnBf-3FlleJrViqZWb98Iv9oni0oXl5yXlRaJ-wnXsv2jq1ofS2pcM5dghbd9XxeRbdY2ReYZgMjX6wZa6vFf08qn3ataU-Z6dQ0OjFfz0av0hdB2kz8wB0y5nFb1Yz3eIMp7zZFci13Ywbgwcabj_lxV1h4g_Z70ytdpvwRdOyRwsSj59IznhfvS0y57keQ9sq5md2xZ5-QfBBxFmy3I6WnQWgmY_Yn10siVuwphYdagFjeJtu7wnJVVhsfR8UgZ5OdIjM27qxaSs2fU6qcYQYYUrx36JOdFnceknhu9JeBXeYlI8pX8U5r-OnF_SJjfbfk2qIn_7p-jSc2Y_uy8qObrlYxB8di14FUW3bQfRvv_fvmUt4o0koxrSOiR5lxuqS7JFj",
            "id": "projects/\"sysdig-lab-383422\"/regions/\"us-west1\"/zones/\u003cnull\u003e",
            "project": "sysdig-lab-383422",
            "region": "us-west1",
            "zone": null
          },
          "sensitive_attributes": []
        }
      ]
    },
    {
      "module": "module.single-project",
      "mode": "data",
      "type": "sysdig_secure_connection",
      "name": "current",
      "provider": "provider[\"registry.terraform.io/sysdiglabs/sysdig\"]",
      "instances": [
        {
          "schema_version": 0,
          "attributes": {
            "id": "3d8318aa43ed56107ba1a0fced847fc0903198c865a88fb23d7cb6ec2a4f01e7",
            "secure_api_token": "625418b1-929e-4dea-907d-96127fa3f440",
            "secure_url": "https://app.us4.sysdig.com"
          },
          "sensitive_attributes": []
        }
      ]
    },
    {
      "module": "module.single-project",
      "mode": "managed",
      "type": "google_service_account",
      "name": "connector_sa",
      "provider": "provider[\"registry.terraform.io/hashicorp/google\"]",
      "instances": [
        {
          "schema_version": 0,
          "attributes": {
            "account_id": "sfc-cloudconnector",
            "description": "",
            "disabled": false,
            "display_name": "Service account for cloud-connector",
            "email": "sfc-cloudconnector@sysdig-lab-383422.iam.gserviceaccount.com",
            "id": "projects/sysdig-lab-383422/serviceAccounts/sfc-cloudconnector@sysdig-lab-383422.iam.gserviceaccount.com",
            "member": "serviceAccount:sfc-cloudconnector@sysdig-lab-383422.iam.gserviceaccount.com",
            "name": "projects/sysdig-lab-383422/serviceAccounts/sfc-cloudconnector@sysdig-lab-383422.iam.gserviceaccount.com",
            "project": "sysdig-lab-383422",
            "timeouts": null,
            "unique_id": "100590718122737425639"
          },
          "sensitive_attributes": [],
          "private": "eyJlMmJmYjczMC1lY2FhLTExZTYtOGY4OC0zNDM2M2JjN2M0YzAiOnsiY3JlYXRlIjozMDAwMDAwMDAwMDB9fQ=="
        }
      ]
    },
    {
      "module": "module.single-project.module.cloud_bench[0].module.trust_relationship[\"sysdig-lab-383422\"]",
      "mode": "data",
      "type": "google_iam_workload_identity_pool",
      "name": "pool",
      "provider": "provider[\"registry.terraform.io/hashicorp/google-beta\"]",
      "instances": [
        {
          "schema_version": 0,
          "attributes": {
            "description": null,
            "disabled": null,
            "display_name": null,
            "id": null,
            "name": null,
            "project": null,
            "state": null,
            "workload_identity_pool_id": null
          },
          "sensitive_attributes": []
        }
      ]
    },
    {
      "module": "module.single-project.module.cloud_bench[0].module.trust_relationship[\"sysdig-lab-383422\"]",
      "mode": "data",
      "type": "google_project",
      "name": "project",
      "provider": "provider[\"registry.terraform.io/hashicorp/google\"]",
      "instances": [
        {
          "schema_version": 0,
          "attributes": {
            "auto_create_network": null,
            "billing_account": null,
            "folder_id": null,
            "id": "projects/sysdig-lab-383422",
            "labels": {},
            "name": "Sysdig-Lab",
            "number": "393397885733",
            "org_id": null,
            "project_id": "sysdig-lab-383422",
            "skip_delete": null
          },
          "sensitive_attributes": []
        }
      ]
    },
    {
      "module": "module.single-project.module.cloud_bench[0].module.trust_relationship[\"sysdig-lab-383422\"]",
      "mode": "data",
      "type": "sysdig_secure_trusted_cloud_identity",
      "name": "trusted_identity",
      "provider": "provider[\"registry.terraform.io/sysdiglabs/sysdig\"]",
      "instances": [
        {
          "schema_version": 0,
          "attributes": {
            "aws_account_id": "263844535661",
            "aws_role_name": "gcp-us4-prod-usw1-secure-benchmark-assume-role",
            "azure_service_principal_id": null,
            "azure_tenant_id": null,
            "cloud_provider": "gcp",
            "id": "arn:aws:iam::263844535661:role/gcp-us4-prod-usw1-secure-benchmark-assume-role",
            "identity": "arn:aws:iam::263844535661:role/gcp-us4-prod-usw1-secure-benchmark-assume-role",
            "timeouts": null
          },
          "sensitive_attributes": []
        }
      ]
    },
    {
      "module": "module.single-project.module.cloud_bench[0].module.trust_relationship[\"sysdig-lab-383422\"]",
      "mode": "managed",
      "type": "google_iam_workload_identity_pool",
      "name": "pool",
      "provider": "provider[\"registry.terraform.io/hashicorp/google-beta\"]",
      "instances": [
        {
          "index_key": 0,
          "schema_version": 0,
          "attributes": {
            "description": "",
            "disabled": false,
            "display_name": "",
            "id": "projects/sysdig-lab-383422/locations/global/workloadIdentityPools/sysdigcloud",
            "name": "projects/393397885733/locations/global/workloadIdentityPools/sysdigcloud",
            "project": "sysdig-lab-383422",
            "state": "ACTIVE",
            "timeouts": null,
            "workload_identity_pool_id": "sysdigcloud"
          },
          "sensitive_attributes": [],
          "private": "eyJlMmJmYjczMC1lY2FhLTExZTYtOGY4OC0zNDM2M2JjN2M0YzAiOnsiY3JlYXRlIjoxMjAwMDAwMDAwMDAwLCJkZWxldGUiOjEyMDAwMDAwMDAwMDAsInVwZGF0ZSI6MTIwMDAwMDAwMDAwMH19",
          "dependencies": [
            "module.single-project.data.google_client_config.current"
          ]
        }
      ]
    },
    {
      "module": "module.single-project.module.cloud_bench[0].module.trust_relationship[\"sysdig-lab-383422\"]",
      "mode": "managed",
      "type": "google_iam_workload_identity_pool_provider",
      "name": "pool_provider",
      "provider": "provider[\"registry.terraform.io/hashicorp/google-beta\"]",
      "instances": [
        {
          "index_key": 0,
          "schema_version": 0,
          "attributes": {
            "attribute_condition": "",
            "attribute_mapping": {
              "attribute.aws_role": "assertion.arn",
              "google.subject": "assertion.arn"
            },
            "aws": [
              {
                "account_id": "263844535661"
              }
            ],
            "description": "Sysdig Secure for Cloud",
            "disabled": false,
            "display_name": "Sysdigcloud",
            "id": "projects/sysdig-lab-383422/locations/global/workloadIdentityPools/sysdigcloud/providers/sysdigcloud",
            "name": "projects/393397885733/locations/global/workloadIdentityPools/sysdigcloud/providers/sysdigcloud",
            "oidc": [],
            "project": "sysdig-lab-383422",
            "state": "ACTIVE",
            "timeouts": null,
            "workload_identity_pool_id": "sysdigcloud",
            "workload_identity_pool_provider_id": "sysdigcloud"
          },
          "sensitive_attributes": [],
          "private": "eyJlMmJmYjczMC1lY2FhLTExZTYtOGY4OC0zNDM2M2JjN2M0YzAiOnsiY3JlYXRlIjoxMjAwMDAwMDAwMDAwLCJkZWxldGUiOjEyMDAwMDAwMDAwMDAsInVwZGF0ZSI6MTIwMDAwMDAwMDAwMH19",
          "dependencies": [
            "module.single-project.data.google_client_config.current",
            "module.single-project.module.cloud_bench.module.trust_relationship.data.google_iam_workload_identity_pool.pool",
            "module.single-project.module.cloud_bench.module.trust_relationship.data.sysdig_secure_trusted_cloud_identity.trusted_identity",
            "module.single-project.module.cloud_bench.module.trust_relationship.google_iam_workload_identity_pool.pool"
          ]
        }
      ]
    },
    {
      "module": "module.single-project.module.cloud_bench[0].module.trust_relationship[\"sysdig-lab-383422\"]",
      "mode": "managed",
      "type": "google_project_iam_custom_role",
      "name": "custom",
      "provider": "provider[\"registry.terraform.io/hashicorp/google\"]",
      "instances": [
        {
          "schema_version": 0,
          "attributes": {
            "deleted": false,
            "description": "A Role providing the required permissions for Sysdig Cloud Benchmarks that are not included in roles/viewer",
            "id": "projects/sysdig-lab-383422/roles/sfcsysdigcloudbench",
            "name": "projects/sysdig-lab-383422/roles/sfcsysdigcloudbench",
            "permissions": [
              "bigquery.tables.list",
              "cloudasset.assets.listIamPolicy",
              "cloudasset.assets.listResource",
              "storage.buckets.getIamPolicy"
            ],
            "project": "sysdig-lab-383422",
            "role_id": "sfcsysdigcloudbench",
            "stage": "GA",
            "title": "Sysdig Cloud Benchmark Role"
          },
          "sensitive_attributes": [],
          "private": "bnVsbA==",
          "dependencies": [
            "module.single-project.data.google_client_config.current"
          ]
        }
      ]
    },
    {
      "module": "module.single-project.module.cloud_bench[0].module.trust_relationship[\"sysdig-lab-383422\"]",
      "mode": "managed",
      "type": "google_project_iam_member",
      "name": "custom",
      "provider": "provider[\"registry.terraform.io/hashicorp/google\"]",
      "instances": [
        {
          "schema_version": 0,
          "attributes": {
            "condition": [],
            "etag": "BwX5F3G40Q4=",
            "id": "sysdig-lab-383422/projects/sysdig-lab-383422/roles/sfcsysdigcloudbench/serviceAccount:sfcsysdigcloudbench@sysdig-lab-383422.iam.gserviceaccount.com",
            "member": "serviceAccount:sfcsysdigcloudbench@sysdig-lab-383422.iam.gserviceaccount.com",
            "project": "sysdig-lab-383422",
            "role": "projects/sysdig-lab-383422/roles/sfcsysdigcloudbench"
          },
          "sensitive_attributes": [],
          "private": "bnVsbA==",
          "dependencies": [
            "module.single-project.data.google_client_config.current",
            "module.single-project.module.cloud_bench.module.trust_relationship.google_project_iam_custom_role.custom",
            "module.single-project.module.cloud_bench.module.trust_relationship.google_service_account.sa"
          ]
        }
      ]
    },
    {
      "module": "module.single-project.module.cloud_bench[0].module.trust_relationship[\"sysdig-lab-383422\"]",
      "mode": "managed",
      "type": "google_project_iam_member",
      "name": "viewer",
      "provider": "provider[\"registry.terraform.io/hashicorp/google\"]",
      "instances": [
        {
          "schema_version": 0,
          "attributes": {
            "condition": [],
            "etag": "BwX5F3G40Q4=",
            "id": "sysdig-lab-383422/roles/viewer/serviceAccount:sfcsysdigcloudbench@sysdig-lab-383422.iam.gserviceaccount.com",
            "member": "serviceAccount:sfcsysdigcloudbench@sysdig-lab-383422.iam.gserviceaccount.com",
            "project": "sysdig-lab-383422",
            "role": "roles/viewer"
          },
          "sensitive_attributes": [],
          "private": "bnVsbA==",
          "dependencies": [
            "module.single-project.data.google_client_config.current",
            "module.single-project.module.cloud_bench.module.trust_relationship.google_service_account.sa"
          ]
        }
      ]
    },
    {
      "module": "module.single-project.module.cloud_bench[0].module.trust_relationship[\"sysdig-lab-383422\"]",
      "mode": "managed",
      "type": "google_service_account",
      "name": "sa",
      "provider": "provider[\"registry.terraform.io/hashicorp/google\"]",
      "instances": [
        {
          "schema_version": 0,
          "attributes": {
            "account_id": "sfcsysdigcloudbench",
            "description": "",
            "disabled": false,
            "display_name": "Service account for cloud-bench",
            "email": "sfcsysdigcloudbench@sysdig-lab-383422.iam.gserviceaccount.com",
            "id": "projects/sysdig-lab-383422/serviceAccounts/sfcsysdigcloudbench@sysdig-lab-383422.iam.gserviceaccount.com",
            "member": "serviceAccount:sfcsysdigcloudbench@sysdig-lab-383422.iam.gserviceaccount.com",
            "name": "projects/sysdig-lab-383422/serviceAccounts/sfcsysdigcloudbench@sysdig-lab-383422.iam.gserviceaccount.com",
            "project": "sysdig-lab-383422",
            "timeouts": null,
            "unique_id": "111349381620419428280"
          },
          "sensitive_attributes": [],
          "private": "eyJlMmJmYjczMC1lY2FhLTExZTYtOGY4OC0zNDM2M2JjN2M0YzAiOnsiY3JlYXRlIjozMDAwMDAwMDAwMDB9fQ==",
          "dependencies": [
            "module.single-project.data.google_client_config.current"
          ]
        }
      ]
    },
    {
      "module": "module.single-project.module.cloud_bench[0].module.trust_relationship[\"sysdig-lab-383422\"]",
      "mode": "managed",
      "type": "google_service_account_iam_binding",
      "name": "sa_pool_binding",
      "provider": "provider[\"registry.terraform.io/hashicorp/google\"]",
      "instances": [
        {
          "schema_version": 0,
          "attributes": {
            "condition": [],
            "etag": "BwX5F3Is1tI=",
            "id": "projects/sysdig-lab-383422/serviceAccounts/sfcsysdigcloudbench@sysdig-lab-383422.iam.gserviceaccount.com/roles/iam.workloadIdentityUser",
            "members": [
              "principalSet://iam.googleapis.com/projects/393397885733/locations/global/workloadIdentityPools/sysdigcloud/attribute.aws_role/arn:aws:sts::263844535661:assumed-role/gcp-us4-prod-usw1-secure-benchmark-assume-role/8a4c1277002d43f359b7771870ffb2c1"
            ],
            "role": "roles/iam.workloadIdentityUser",
            "service_account_id": "projects/sysdig-lab-383422/serviceAccounts/sfcsysdigcloudbench@sysdig-lab-383422.iam.gserviceaccount.com"
          },
          "sensitive_attributes": [],
          "private": "bnVsbA==",
          "dependencies": [
            "module.single-project.data.google_client_config.current",
            "module.single-project.module.cloud_bench.module.trust_relationship.data.google_iam_workload_identity_pool.pool",
            "module.single-project.module.cloud_bench.module.trust_relationship.data.google_project.project",
            "module.single-project.module.cloud_bench.module.trust_relationship.data.sysdig_secure_trusted_cloud_identity.trusted_identity",
            "module.single-project.module.cloud_bench.module.trust_relationship.google_iam_workload_identity_pool.pool",
            "module.single-project.module.cloud_bench.module.trust_relationship.google_service_account.sa",
            "module.single-project.module.cloud_bench.module.trust_relationship.sysdig_secure_cloud_account.cloud_account"
          ]
        }
      ]
    },
    {
      "module": "module.single-project.module.cloud_bench[0].module.trust_relationship[\"sysdig-lab-383422\"]",
      "mode": "managed",
      "type": "sysdig_secure_cloud_account",
      "name": "cloud_account",
      "provider": "provider[\"registry.terraform.io/sysdiglabs/sysdig\"]",
      "instances": [
        {
          "schema_version": 0,
          "attributes": {
            "account_id": "393397885733",
            "alias": "sysdig-lab-383422",
            "cloud_provider": "gcp",
            "external_id": "8a4c1277002d43f359b7771870ffb2c1",
            "id": "393397885733",
            "role_enabled": true,
            "role_name": "sfcsysdigcloudbench",
            "timeouts": null,
            "workload_identity_account_alias": "",
            "workload_identity_account_id": ""
          },
          "sensitive_attributes": [],
          "private": "eyJlMmJmYjczMC1lY2FhLTExZTYtOGY4OC0zNDM2M2JjN2M0YzAiOnsiY3JlYXRlIjozMDAwMDAwMDAwMDAsImRlbGV0ZSI6MzAwMDAwMDAwMDAwLCJyZWFkIjozMDAwMDAwMDAwMDAsInVwZGF0ZSI6MzAwMDAwMDAwMDAwfX0=",
          "dependencies": [
            "module.single-project.data.google_client_config.current",
            "module.single-project.module.cloud_bench.module.trust_relationship.data.google_project.project"
          ]
        }
      ]
    },
    {
      "module": "module.single-project.module.cloud_connector",
      "mode": "data",
      "type": "google_client_config",
      "name": "current",
      "provider": "provider[\"registry.terraform.io/hashicorp/google\"]",
      "instances": [
        {
          "schema_version": 0,
          "attributes": {
            "access_token": "ya29.c.b0Aaekm1Ksp6KCpFoVLTJ_8IKO9uM1pSgGi5Mxgyet2uiCED5j7lm1fDSOMryZwS51606FI2RTyB-Pzg0TTMHTTX4_gLnm-ei7BQE0raBKWKEQyYGJhAG6_-dfZWVvnWtZW1jH2dCyGDZa7NdApH6RZtpLR_0g0UyWSPqz74xk66W1hp3v4tD1IaUZs8WMA6EW6roPNyI1ZdCJw5hQy6BJcntSIHbUW1D-YcvVUa010mhAS31fUwaQ3t1Wp3LaRdHH8f57k41Em6ddY2LYNvFBgXmRzf0JXQ3TEov5qUH0ybHd459Bq6KrJsfhyQ2W8WD1rqJmhgBJ6DIG340CrwQJiRQ94kkdJmJlhoV--o7aiyIqevmV1o54zFRwJQtcJktqiu934cBvf0s25OMsxfXyJVMc6jumh836bYoUp94I-fvFi7zw6zvdiOzwmijM0_aksw9yw4dFFYxoaqammBfF4pizBfhyqUVStdhU9Y_5BVVBi3di08pMoY09gi9JyrXFmk3kb1X80cqJQkFOyrd0aFyI88SjIbJWWBwiiI-Xs1slQv6ywRcbbW85S7ogoa22j4S8zVjBsb68df71bmQy_jb5snYirXtwrhvpQ9mtqq1cufcJZnBf-3FlleJrViqZWb98Iv9oni0oXl5yXlRaJ-wnXsv2jq1ofS2pcM5dghbd9XxeRbdY2ReYZgMjX6wZa6vFf08qn3ataU-Z6dQ0OjFfz0av0hdB2kz8wB0y5nFb1Yz3eIMp7zZFci13Ywbgwcabj_lxV1h4g_Z70ytdpvwRdOyRwsSj59IznhfvS0y57keQ9sq5md2xZ5-QfBBxFmy3I6WnQWgmY_Yn10siVuwphYdagFjeJtu7wnJVVhsfR8UgZ5OdIjM27qxaSs2fU6qcYQYYUrx36JOdFnceknhu9JeBXeYlI8pX8U5r-OnF_SJjfbfk2qIn_7p-jSc2Y_uy8qObrlYxB8di14FUW3bQfRvv_fvmUt4o0koxrSOiR5lxuqS7JFj",
            "id": "projects/\"sysdig-lab-383422\"/regions/\"us-west1\"/zones/\u003cnull\u003e",
            "project": "sysdig-lab-383422",
            "region": "us-west1",
            "zone": null
          },
          "sensitive_attributes": []
        }
      ]
    },
    {
      "module": "module.single-project.module.cloud_connector",
      "mode": "data",
      "type": "google_project",
      "name": "project",
      "provider": "provider[\"registry.terraform.io/hashicorp/google\"]",
      "instances": [
        {
          "schema_version": 0,
          "attributes": {
            "auto_create_network": null,
            "billing_account": null,
            "folder_id": null,
            "id": "projects/sysdig-lab-383422",
            "labels": {},
            "name": "Sysdig-Lab",
            "number": "393397885733",
            "org_id": null,
            "project_id": "sysdig-lab-383422",
            "skip_delete": null
          },
          "sensitive_attributes": []
        }
      ]
    },
    {
      "module": "module.single-project.module.cloud_connector",
      "mode": "managed",
      "type": "google_cloud_run_service",
      "name": "cloud_connector",
      "provider": "provider[\"registry.terraform.io/hashicorp/google\"]",
      "instances": [
        {
          "schema_version": 1,
          "attributes": {
            "autogenerate_revision_name": false,
            "id": "locations/us-west1/namespaces/sysdig-lab-383422/services/sfc-cloudconnector",
            "location": "us-west1",
            "metadata": [
              {
                "annotations": {
                  "run.googleapis.com/ingress": "internal",
                  "run.googleapis.com/ingress-status": "internal",
                  "run.googleapis.com/operation-id": "c3fb1dc5-8bc7-43d1-92f9-95a2311ab744",
                  "serving.knative.dev/creator": "sysdig-lab@sysdig-lab-383422.iam.gserviceaccount.com",
                  "serving.knative.dev/lastModifier": "sysdig-lab@sysdig-lab-383422.iam.gserviceaccount.com"
                },
                "generation": 1,
                "labels": {
                  "cloud.googleapis.com/location": "us-west1"
                },
                "namespace": "sysdig-lab-383422",
                "resource_version": "AAX5F3h6MNQ",
                "self_link": "/apis/serving.knative.dev/v1/namespaces/393397885733/services/sfc-cloudconnector",
                "uid": "b847b097-849c-45de-8045-e269be29ba6b"
              }
            ],
            "name": "sfc-cloudconnector",
            "project": "sysdig-lab-383422",
            "status": [
              {
                "conditions": [
                  {
                    "message": "",
                    "reason": "",
                    "status": "True",
                    "type": "Ready"
                  },
                  {
                    "message": "",
                    "reason": "",
                    "status": "True",
                    "type": "ConfigurationsReady"
                  },
                  {
                    "message": "",
                    "reason": "",
                    "status": "True",
                    "type": "RoutesReady"
                  }
                ],
                "latest_created_revision_name": "sfc-cloudconnector-cwf4x",
                "latest_ready_revision_name": "sfc-cloudconnector-cwf4x",
                "observed_generation": 1,
                "url": "https://sfc-cloudconnector-bk6hqzxajq-uw.a.run.app"
              }
            ],
            "template": [
              {
                "metadata": [
                  {
                    "annotations": {
                      "autoscaling.knative.dev/maxScale": "1"
                    },
                    "generation": 0,
                    "labels": null,
                    "name": "",
                    "namespace": "",
                    "resource_version": "",
                    "self_link": "",
                    "uid": ""
                  }
                ],
                "spec": [
                  {
                    "container_concurrency": 80,
                    "containers": [
                      {
                        "args": null,
                        "command": null,
                        "env": [
                          {
                            "name": "CONFIG",
                            "value": "ImluZ2VzdG9ycyI6Ci0gImdjcC1hdWRpdGxvZy1wdWJzdWItaHR0cCI6CiAgICAicHJvamVjdCI6ICJzeXNkaWctbGFiLTM4MzQyMiIKICAgICJ1cmwiOiAiL2F1ZGl0Igoibm90aWZpZXJzIjogW10KInJ1bGVzIjogW10K",
                            "value_from": []
                          },
                          {
                            "name": "GCP_REGION",
                            "value": "us-west1",
                            "value_from": []
                          },
                          {
                            "name": "SECURE_API_TOKEN",
                            "value": "",
                            "value_from": [
                              {
                                "secret_key_ref": [
                                  {
                                    "key": "latest",
                                    "name": "sfc-cloudconnector-sysdig-secure-api-secret"
                                  }
                                ]
                              }
                            ]
                          },
                          {
                            "name": "SECURE_URL",
                            "value": "https://app.us4.sysdig.com",
                            "value_from": []
                          },
                          {
                            "name": "TELEMETRY_DEPLOYMENT_METHOD",
                            "value": "terraform_gcp_cr_single",
                            "value_from": []
                          },
                          {
                            "name": "VERIFY_SSL",
                            "value": "true",
                            "value_from": []
                          }
                        ],
                        "env_from": [],
                        "image": "us-docker.pkg.dev/sysdig-public-registry/secure-for-cloud/cloud-connector:latest",
                        "ports": [
                          {
                            "container_port": 5000,
                            "name": "http1",
                            "protocol": ""
                          }
                        ],
                        "resources": [
                          {
                            "limits": {
                              "cpu": "1",
                              "memory": "500Mi"
                            },
                            "requests": null
                          }
                        ],
                        "volume_mounts": [],
                        "working_dir": ""
                      }
                    ],
                    "service_account_name": "sfc-cloudconnector@sysdig-lab-383422.iam.gserviceaccount.com",
                    "serving_state": "",
                    "timeout_seconds": 300,
                    "volumes": []
                  }
                ]
              }
            ],
            "timeouts": null,
            "traffic": [
              {
                "latest_revision": true,
                "percent": 100,
                "revision_name": "",
                "tag": "",
                "url": ""
              }
            ]
          },
          "sensitive_attributes": [],
          "private": "eyJlMmJmYjczMC1lY2FhLTExZTYtOGY4OC0zNDM2M2JjN2M0YzAiOnsiY3JlYXRlIjoxMjAwMDAwMDAwMDAwLCJkZWxldGUiOjEyMDAwMDAwMDAwMDAsInVwZGF0ZSI6MTIwMDAwMDAwMDAwMH0sInNjaGVtYV92ZXJzaW9uIjoiMSJ9",
          "dependencies": [
            "module.single-project.data.google_client_config.current",
            "module.single-project.data.sysdig_secure_connection.current",
            "module.single-project.google_service_account.connector_sa",
            "module.single-project.module.cloud_connector.data.google_client_config.current",
            "module.single-project.module.cloud_connector.data.google_project.project",
            "module.single-project.module.secure_secrets.data.google_client_config.current",
            "module.single-project.module.secure_secrets.google_secret_manager_secret.secure_api_secret"
          ]
        }
      ]
    },
    {
      "module": "module.single-project.module.cloud_connector",
      "mode": "managed",
      "type": "google_cloud_run_service_iam_member",
      "name": "run_invoker",
      "provider": "provider[\"registry.terraform.io/hashicorp/google\"]",
      "instances": [
        {
          "schema_version": 0,
          "attributes": {
            "condition": [],
            "etag": "BwX5F3jhHLo=",
            "id": "v1/projects/sysdig-lab-383422/locations/us-west1/services/sfc-cloudconnector/roles/run.invoker/serviceAccount:sfc-cloudconnector@sysdig-lab-383422.iam.gserviceaccount.com",
            "location": "us-west1",
            "member": "serviceAccount:sfc-cloudconnector@sysdig-lab-383422.iam.gserviceaccount.com",
            "project": "sysdig-lab-383422",
            "role": "roles/run.invoker",
            "service": "v1/projects/sysdig-lab-383422/locations/us-west1/services/sfc-cloudconnector"
          },
          "sensitive_attributes": [],
          "private": "bnVsbA==",
          "dependencies": [
            "module.single-project.data.google_client_config.current",
            "module.single-project.data.sysdig_secure_connection.current",
            "module.single-project.google_service_account.connector_sa",
            "module.single-project.module.cloud_connector.data.google_client_config.current",
            "module.single-project.module.cloud_connector.data.google_project.project",
            "module.single-project.module.cloud_connector.google_cloud_run_service.cloud_connector",
            "module.single-project.module.secure_secrets.data.google_client_config.current",
            "module.single-project.module.secure_secrets.google_secret_manager_secret.secure_api_secret"
          ]
        }
      ]
    },
    {
      "module": "module.single-project.module.cloud_connector",
      "mode": "managed",
      "type": "google_eventarc_trigger",
      "name": "trigger",
      "provider": "provider[\"registry.terraform.io/hashicorp/google\"]",
      "instances": [
        {
          "schema_version": 0,
          "attributes": {
            "channel": "",
            "conditions": {},
            "create_time": "2023-04-11T23:01:32.562694337Z",
            "destination": [
              {
                "cloud_function": "",
                "cloud_run_service": [
                  {
                    "path": "/audit",
                    "region": "us-west1",
                    "service": "sfc-cloudconnector"
                  }
                ],
                "gke": [],
                "workflow": ""
              }
            ],
            "etag": "",
            "id": "projects/sysdig-lab-383422/locations/us-west1/triggers/sfc-cloudconnector-trigger",
            "labels": null,
            "location": "us-west1",
            "matching_criteria": [
              {
                "attribute": "type",
                "operator": "",
                "value": "google.cloud.pubsub.topic.v1.messagePublished"
              }
            ],
            "name": "sfc-cloudconnector-trigger",
            "project": "sysdig-lab-383422",
            "service_account": "sfc-cloudconnector@sysdig-lab-383422.iam.gserviceaccount.com",
            "timeouts": null,
            "transport": [
              {
                "pubsub": [
                  {
                    "subscription": "projects/sysdig-lab-383422/subscriptions/eventarc-us-west1-sfc-cloudconnector-trigger-sub-509",
                    "topic": "projects/sysdig-lab-383422/topics/sfc-cloudconnector-topic"
                  }
                ]
              }
            ],
            "uid": "bda9b4ee-d01a-4206-9102-48632782b812",
            "update_time": "2023-04-11T23:01:38.630968295Z"
          },
          "sensitive_attributes": [],
          "private": "eyJlMmJmYjczMC1lY2FhLTExZTYtOGY4OC0zNDM2M2JjN2M0YzAiOnsiY3JlYXRlIjoxMjAwMDAwMDAwMDAwLCJkZWxldGUiOjEyMDAwMDAwMDAwMDAsInVwZGF0ZSI6MTIwMDAwMDAwMDAwMH19",
          "dependencies": [
            "module.single-project.data.google_client_config.current",
            "module.single-project.data.sysdig_secure_connection.current",
            "module.single-project.google_service_account.connector_sa",
            "module.single-project.module.cloud_connector.data.google_client_config.current",
            "module.single-project.module.cloud_connector.data.google_project.project",
            "module.single-project.module.cloud_connector.google_cloud_run_service.cloud_connector",
            "module.single-project.module.connector_project_sink.google_pubsub_topic.topic",
            "module.single-project.module.secure_secrets.data.google_client_config.current",
            "module.single-project.module.secure_secrets.google_secret_manager_secret.secure_api_secret"
          ]
        }
      ]
    },
    {
      "module": "module.single-project.module.cloud_connector",
      "mode": "managed",
      "type": "google_project_iam_member",
      "name": "event_receiver",
      "provider": "provider[\"registry.terraform.io/hashicorp/google\"]",
      "instances": [
        {
          "schema_version": 0,
          "attributes": {
            "condition": [],
            "etag": "BwX5F3G40Q4=",
            "id": "sysdig-lab-383422/roles/eventarc.eventReceiver/serviceAccount:sfc-cloudconnector@sysdig-lab-383422.iam.gserviceaccount.com",
            "member": "serviceAccount:sfc-cloudconnector@sysdig-lab-383422.iam.gserviceaccount.com",
            "project": "sysdig-lab-383422",
            "role": "roles/eventarc.eventReceiver"
          },
          "sensitive_attributes": [],
          "private": "bnVsbA==",
          "dependencies": [
            "module.single-project.data.google_client_config.current",
            "module.single-project.google_service_account.connector_sa"
          ]
        }
      ]
    },
    {
      "module": "module.single-project.module.cloud_connector",
      "mode": "managed",
      "type": "google_project_iam_member",
      "name": "run_viewer",
      "provider": "provider[\"registry.terraform.io/hashicorp/google\"]",
      "instances": [
        {
          "schema_version": 0,
          "attributes": {
            "condition": [],
            "etag": "BwX5F3G40Q4=",
            "id": "sysdig-lab-383422/roles/run.viewer/serviceAccount:sfc-cloudconnector@sysdig-lab-383422.iam.gserviceaccount.com",
            "member": "serviceAccount:sfc-cloudconnector@sysdig-lab-383422.iam.gserviceaccount.com",
            "project": "sysdig-lab-383422",
            "role": "roles/run.viewer"
          },
          "sensitive_attributes": [],
          "private": "bnVsbA==",
          "dependencies": [
            "module.single-project.data.google_client_config.current",
            "module.single-project.google_service_account.connector_sa"
          ]
        }
      ]
    },
    {
      "module": "module.single-project.module.cloud_connector",
      "mode": "managed",
      "type": "google_project_iam_member",
      "name": "token_creator",
      "provider": "provider[\"registry.terraform.io/hashicorp/google\"]",
      "instances": [
        {
          "schema_version": 0,
          "attributes": {
            "condition": [],
            "etag": "BwX5F3G40Q4=",
            "id": "sysdig-lab-383422/roles/iam.serviceAccountTokenCreator/serviceAccount:service-393397885733@gcp-sa-pubsub.iam.gserviceaccount.com",
            "member": "serviceAccount:service-393397885733@gcp-sa-pubsub.iam.gserviceaccount.com",
            "project": "sysdig-lab-383422",
            "role": "roles/iam.serviceAccountTokenCreator"
          },
          "sensitive_attributes": [],
          "private": "bnVsbA==",
          "dependencies": [
            "module.single-project.data.google_client_config.current",
            "module.single-project.module.cloud_connector.data.google_project.project"
          ]
        }
      ]
    },
    {
      "module": "module.single-project.module.connector_project_sink",
      "mode": "managed",
      "type": "google_logging_project_sink",
      "name": "project_sink",
      "provider": "provider[\"registry.terraform.io/hashicorp/google\"]",
      "instances": [
        {
          "schema_version": 0,
          "attributes": {
            "bigquery_options": [],
            "description": "",
            "destination": "pubsub.googleapis.com/projects/sysdig-lab-383422/topics/sfc-cloudconnector-topic",
            "disabled": false,
            "exclusions": [],
            "filter": "logName=~\"^projects/sysdig-lab-383422/logs/cloudaudit.googleapis.com\" AND -resource.type=\"k8s_cluster\"",
            "id": "projects/sysdig-lab-383422/sinks/sfc-cloudconnector-project-sink",
            "name": "sfc-cloudconnector-project-sink",
            "project": "sysdig-lab-383422",
            "unique_writer_identity": true,
            "writer_identity": "serviceAccount:p393397885733-549704@gcp-sa-logging.iam.gserviceaccount.com"
          },
          "sensitive_attributes": [],
          "private": "bnVsbA==",
          "dependencies": [
            "module.single-project.data.google_client_config.current",
            "module.single-project.module.connector_project_sink.google_pubsub_topic.topic"
          ]
        }
      ]
    },
    {
      "module": "module.single-project.module.connector_project_sink",
      "mode": "managed",
      "type": "google_pubsub_topic",
      "name": "topic",
      "provider": "provider[\"registry.terraform.io/hashicorp/google\"]",
      "instances": [
        {
          "schema_version": 0,
          "attributes": {
            "id": "projects/sysdig-lab-383422/topics/sfc-cloudconnector-topic",
            "kms_key_name": "",
            "labels": null,
            "message_retention_duration": "",
            "message_storage_policy": [],
            "name": "sfc-cloudconnector-topic",
            "project": "sysdig-lab-383422",
            "schema_settings": [],
            "timeouts": null
          },
          "sensitive_attributes": [],
          "private": "eyJlMmJmYjczMC1lY2FhLTExZTYtOGY4OC0zNDM2M2JjN2M0YzAiOnsiY3JlYXRlIjoxMjAwMDAwMDAwMDAwLCJkZWxldGUiOjEyMDAwMDAwMDAwMDAsInVwZGF0ZSI6MTIwMDAwMDAwMDAwMH19"
        }
      ]
    },
    {
      "module": "module.single-project.module.connector_project_sink",
      "mode": "managed",
      "type": "google_pubsub_topic_iam_member",
      "name": "writer",
      "provider": "provider[\"registry.terraform.io/hashicorp/google\"]",
      "instances": [
        {
          "schema_version": 0,
          "attributes": {
            "condition": [],
            "etag": "BwX5F3HDv2Q=",
            "id": "projects/sysdig-lab-383422/topics/sfc-cloudconnector-topic/roles/pubsub.publisher/serviceAccount:p393397885733-549704@gcp-sa-logging.iam.gserviceaccount.com",
            "member": "serviceAccount:p393397885733-549704@gcp-sa-logging.iam.gserviceaccount.com",
            "project": "sysdig-lab-383422",
            "role": "roles/pubsub.publisher",
            "topic": "projects/sysdig-lab-383422/topics/sfc-cloudconnector-topic"
          },
          "sensitive_attributes": [],
          "private": "bnVsbA==",
          "dependencies": [
            "module.single-project.data.google_client_config.current",
            "module.single-project.module.connector_project_sink.google_logging_project_sink.project_sink",
            "module.single-project.module.connector_project_sink.google_pubsub_topic.topic"
          ]
        }
      ]
    },
    {
      "module": "module.single-project.module.pubsub_http_subscription",
      "mode": "data",
      "type": "google_pubsub_topic",
      "name": "topic",
      "provider": "provider[\"registry.terraform.io/hashicorp/google\"]",
      "instances": [
        {
          "schema_version": 0,
          "attributes": {
            "id": null,
            "kms_key_name": null,
            "labels": null,
            "message_retention_duration": null,
            "message_storage_policy": null,
            "name": null,
            "project": null,
            "schema_settings": null
          },
          "sensitive_attributes": []
        }
      ]
    },
    {
      "module": "module.single-project.module.secure_secrets",
      "mode": "data",
      "type": "google_client_config",
      "name": "current",
      "provider": "provider[\"registry.terraform.io/hashicorp/google\"]",
      "instances": [
        {
          "schema_version": 0,
          "attributes": {
            "access_token": "ya29.c.b0Aaekm1Ksp6KCpFoVLTJ_8IKO9uM1pSgGi5Mxgyet2uiCED5j7lm1fDSOMryZwS51606FI2RTyB-Pzg0TTMHTTX4_gLnm-ei7BQE0raBKWKEQyYGJhAG6_-dfZWVvnWtZW1jH2dCyGDZa7NdApH6RZtpLR_0g0UyWSPqz74xk66W1hp3v4tD1IaUZs8WMA6EW6roPNyI1ZdCJw5hQy6BJcntSIHbUW1D-YcvVUa010mhAS31fUwaQ3t1Wp3LaRdHH8f57k41Em6ddY2LYNvFBgXmRzf0JXQ3TEov5qUH0ybHd459Bq6KrJsfhyQ2W8WD1rqJmhgBJ6DIG340CrwQJiRQ94kkdJmJlhoV--o7aiyIqevmV1o54zFRwJQtcJktqiu934cBvf0s25OMsxfXyJVMc6jumh836bYoUp94I-fvFi7zw6zvdiOzwmijM0_aksw9yw4dFFYxoaqammBfF4pizBfhyqUVStdhU9Y_5BVVBi3di08pMoY09gi9JyrXFmk3kb1X80cqJQkFOyrd0aFyI88SjIbJWWBwiiI-Xs1slQv6ywRcbbW85S7ogoa22j4S8zVjBsb68df71bmQy_jb5snYirXtwrhvpQ9mtqq1cufcJZnBf-3FlleJrViqZWb98Iv9oni0oXl5yXlRaJ-wnXsv2jq1ofS2pcM5dghbd9XxeRbdY2ReYZgMjX6wZa6vFf08qn3ataU-Z6dQ0OjFfz0av0hdB2kz8wB0y5nFb1Yz3eIMp7zZFci13Ywbgwcabj_lxV1h4g_Z70ytdpvwRdOyRwsSj59IznhfvS0y57keQ9sq5md2xZ5-QfBBxFmy3I6WnQWgmY_Yn10siVuwphYdagFjeJtu7wnJVVhsfR8UgZ5OdIjM27qxaSs2fU6qcYQYYUrx36JOdFnceknhu9JeBXeYlI8pX8U5r-OnF_SJjfbfk2qIn_7p-jSc2Y_uy8qObrlYxB8di14FUW3bQfRvv_fvmUt4o0koxrSOiR5lxuqS7JFj",
            "id": "projects/\"sysdig-lab-383422\"/regions/\"us-west1\"/zones/\u003cnull\u003e",
            "project": "sysdig-lab-383422",
            "region": "us-west1",
            "zone": null
          },
          "sensitive_attributes": []
        }
      ]
    },
    {
      "module": "module.single-project.module.secure_secrets",
      "mode": "managed",
      "type": "google_secret_manager_secret",
      "name": "secure_api_secret",
      "provider": "provider[\"registry.terraform.io/hashicorp/google\"]",
      "instances": [
        {
          "schema_version": 0,
          "attributes": {
            "create_time": "2023-04-11T22:59:27.708537Z",
            "expire_time": "",
            "id": "projects/sysdig-lab-383422/secrets/sfc-cloudconnector-sysdig-secure-api-secret",
            "labels": null,
            "name": "projects/393397885733/secrets/sfc-cloudconnector-sysdig-secure-api-secret",
            "project": "sysdig-lab-383422",
            "replication": [
              {
                "automatic": false,
                "user_managed": [
                  {
                    "replicas": [
                      {
                        "customer_managed_encryption": [],
                        "location": "us-west1"
                      }
                    ]
                  }
                ]
              }
            ],
            "rotation": [],
            "secret_id": "sfc-cloudconnector-sysdig-secure-api-secret",
            "timeouts": null,
            "topics": [],
            "ttl": null
          },
          "sensitive_attributes": [],
          "private": "eyJlMmJmYjczMC1lY2FhLTExZTYtOGY4OC0zNDM2M2JjN2M0YzAiOnsiY3JlYXRlIjoxMjAwMDAwMDAwMDAwLCJkZWxldGUiOjEyMDAwMDAwMDAwMDAsInVwZGF0ZSI6MTIwMDAwMDAwMDAwMH19",
          "dependencies": [
            "module.single-project.module.secure_secrets.data.google_client_config.current"
          ]
        }
      ]
    },
    {
      "module": "module.single-project.module.secure_secrets",
      "mode": "managed",
      "type": "google_secret_manager_secret_iam_member",
      "name": "secret_reader",
      "provider": "provider[\"registry.terraform.io/hashicorp/google\"]",
      "instances": [
        {
          "schema_version": 0,
          "attributes": {
            "condition": [],
            "etag": "BwX5F3Ge1A0=",
            "id": "projects/sysdig-lab-383422/secrets/sfc-cloudconnector-sysdig-secure-api-secret/roles/secretmanager.secretAccessor/serviceAccount:sfc-cloudconnector@sysdig-lab-383422.iam.gserviceaccount.com",
            "member": "serviceAccount:sfc-cloudconnector@sysdig-lab-383422.iam.gserviceaccount.com",
            "project": "sysdig-lab-383422",
            "role": "roles/secretmanager.secretAccessor",
            "secret_id": "projects/sysdig-lab-383422/secrets/sfc-cloudconnector-sysdig-secure-api-secret"
          },
          "sensitive_attributes": [],
          "private": "bnVsbA==",
          "dependencies": [
            "module.single-project.google_service_account.connector_sa",
            "module.single-project.module.secure_secrets.data.google_client_config.current",
            "module.single-project.module.secure_secrets.google_secret_manager_secret.secure_api_secret"
          ]
        }
      ]
    },
    {
      "module": "module.single-project.module.secure_secrets",
      "mode": "managed",
      "type": "google_secret_manager_secret_version",
      "name": "secure_api_secret",
      "provider": "provider[\"registry.terraform.io/hashicorp/google\"]",
      "instances": [
        {
          "schema_version": 0,
          "attributes": {
            "create_time": "2023-04-11T22:59:28.126443Z",
            "destroy_time": "",
            "enabled": true,
            "id": "projects/393397885733/secrets/sfc-cloudconnector-sysdig-secure-api-secret/versions/1",
            "name": "projects/393397885733/secrets/sfc-cloudconnector-sysdig-secure-api-secret/versions/1",
            "secret": "projects/sysdig-lab-383422/secrets/sfc-cloudconnector-sysdig-secure-api-secret",
            "secret_data": "625418b1-929e-4dea-907d-96127fa3f440",
            "timeouts": null,
            "version": "1"
          },
          "sensitive_attributes": [
            [
              {
                "type": "get_attr",
                "value": "secret_data"
              }
            ]
          ],
          "private": "eyJlMmJmYjczMC1lY2FhLTExZTYtOGY4OC0zNDM2M2JjN2M0YzAiOnsiY3JlYXRlIjoxMjAwMDAwMDAwMDAwLCJkZWxldGUiOjEyMDAwMDAwMDAwMDB9fQ==",
          "dependencies": [
            "module.single-project.data.sysdig_secure_connection.current",
            "module.single-project.module.secure_secrets.data.google_client_config.current",
            "module.single-project.module.secure_secrets.google_secret_manager_secret.secure_api_secret"
          ]
        }
      ]
    }
  ],
  "check_results": null
}
